
Microsoft Visual Studio Solution File, Format Version 12.00
# Visual Studio 15
VisualStudioVersion = 15.0.28307.645
MinimumVisualStudioVersion = 10.0.40219.1
Project("{FAE04EC0-301F-11D3-BF4B-00C04F79EFBC}") = "solution25", "solution25\solution25.csproj", "{45DB90AF-66A9-4287-AF50-5818A4DE95B2}"
EndProject
Global
	GlobalSection(SolutionConfigurationPlatforms) = preSolution
		Debug|Any CPU = Debug|Any CPU
		Release|Any CPU = Release|Any CPU
	EndGlobalSection
	GlobalSection(ProjectConfigurationPlatforms) = postSolution
		{45DB90AF-66A9-4287-AF50-5818A4DE95B2}.Debug|Any CPU.ActiveCfg = Debug|Any CPU
		{45DB90AF-66A9-4287-AF50-5818A4DE95B2}.Debug|Any CPU.Build.0 = Debug|Any CPU
		{45DB90AF-66A9-4287-AF50-5818A4DE95B2}.Release|Any CPU.ActiveCfg = Release|Any CPU
		{45DB90AF-66A9-4287-AF50-5818A4DE95B2}.Release|Any CPU.Build.0 = Release|Any CPU
	EndGlobalSection
	GlobalSection(SolutionProperties) = preSolution
		HideSolutionNode = FALSE
	EndGlobalSection
	GlobalSection(ExtensibilityGlobals) = postSolution
		SolutionGuid = {9C677C8B-691D-4E9E-AA10-86594A748E4F}
	EndGlobalSection
EndGlobal
